
Microsoft Visual Studio Solution File, Format Version 12.00
# Visual Studio 2012
Project("{FAE04EC0-301F-11D3-BF4B-00C04F79EFBC}") = "TextStatsLimbda", "TextStatsLimbda\TextStatsLimbda.csproj", "{332008E9-FC0E-4C4C-AA77-14965C06B318}"
EndProject
Global
	GlobalSection(SolutionConfigurationPlatforms) = preSolution
		Debug|Any CPU = Debug|Any CPU
		Release|Any CPU = Release|Any CPU
	EndGlobalSection
	GlobalSection(ProjectConfigurationPlatforms) = postSolution
		{332008E9-FC0E-4C4C-AA77-14965C06B318}.Debug|Any CPU.ActiveCfg = Debug|Any CPU
		{332008E9-FC0E-4C4C-AA77-14965C06B318}.Debug|Any CPU.Build.0 = Debug|Any CPU
		{332008E9-FC0E-4C4C-AA77-14965C06B318}.Release|Any CPU.ActiveCfg = Release|Any CPU
		{332008E9-FC0E-4C4C-AA77-14965C06B318}.Release|Any CPU.Build.0 = Release|Any CPU
	EndGlobalSection
	GlobalSection(SolutionProperties) = preSolution
		HideSolutionNode = FALSE
	EndGlobalSection
EndGlobal
